{
    "version": 3,
    "terraform_version": "0.11.1",
    "serial": 8,
    "lineage": "cd4d19b2-244f-4e95-8154-7fba3f076aeb",
    "modules": [
        {
            "path": [
                "root"
            ],
            "outputs": {},
            "resources": {
                "aws_eip.ip": {
                    "type": "aws_eip",
                    "depends_on": [
                        "aws_instance.test1"
                    ],
                    "primary": {
                        "id": "eipalloc-e6a35fdb",
                        "attributes": {
                            "domain": "vpc",
                            "id": "eipalloc-e6a35fdb",
                            "instance": "",
                            "network_interface": ""
                        },
                        "meta": {},
                        "tainted": false
                    },
                    "deposed": [],
                    "provider": "provider.aws"
                },
                "aws_instance.test1": {
                    "type": "aws_instance",
                    "depends_on": [],
                    "primary": {
                        "id": "i-0001004ee8d686037",
                        "attributes": {
                            "ami": "ami-8fd760f6",
                            "associate_public_ip_address": "true",
                            "availability_zone": "eu-west-1c",
                            "disable_api_termination": "false",
                            "ebs_block_device.#": "0",
                            "ebs_optimized": "false",
                            "ephemeral_block_device.#": "0",
                            "iam_instance_profile": "",
                            "id": "i-0001004ee8d686037",
                            "instance_state": "running",
                            "instance_type": "t2.micro",
                            "ipv6_addresses.#": "0",
                            "key_name": "",
                            "monitoring": "false",
                            "network_interface.#": "0",
                            "network_interface_id": "eni-96681eb9",
                            "placement_group": "",
                            "primary_network_interface_id": "eni-96681eb9",
                            "private_dns": "ip-172-31-93-55.eu-west-1.compute.internal",
                            "private_ip": "172.31.93.55",
                            "public_dns": "ec2-52-49-11-20.eu-west-1.compute.amazonaws.com",
                            "public_ip": "52.49.11.20",
                            "root_block_device.#": "1",
                            "root_block_device.0.delete_on_termination": "true",
                            "root_block_device.0.iops": "100",
                            "root_block_device.0.volume_size": "8",
                            "root_block_device.0.volume_type": "gp2",
                            "security_groups.#": "1",
                            "security_groups.3814588639": "default",
                            "source_dest_check": "true",
                            "subnet_id": "subnet-2ce7d44b",
                            "tags.%": "0",
                            "tenancy": "default",
                            "volume_tags.%": "0",
                            "vpc_security_group_ids.#": "0"
                        },
                        "meta": {
                            "e2bfb730-ecaa-11e6-8f88-34363bc7c4c0": {
                                "create": 600000000000,
                                "delete": 600000000000,
                                "update": 600000000000
                            },
                            "schema_version": "1"
                        },
                        "tainted": false
                    },
                    "deposed": [],
                    "provider": "provider.aws"
                }
            },
            "depends_on": []
        }
    ]
}
